// !$*UTF8*$!
{
	archiveVersion = 1;
	classes = {
	};
	objectVersion = 77;
	objects = {

/* Begin PBXBuildFile section */
		6C8C1B452CCBC5B900CB1E04 /* AtProtocol in Frameworks */ = {isa = PBXBuildFile; productRef = 6C8C1B442CCBC5B900CB1E04 /* AtProtocol */; };
		6C8C1B482CCBC5C600CB1E04 /* Vault in Frameworks */ = {isa = PBXBuildFile; productRef = 6C8C1B472CCBC5C600CB1E04 /* Vault */; };
		6C8C1B4B2CCBC5E100CB1E04 /* Nuke in Frameworks */ = {isa = PBXBuildFile; productRef = 6C8C1B4A2CCBC5E100CB1E04 /* Nuke */; };
		6C8C1B4D2CCBC5E100CB1E04 /* NukeExtensions in Frameworks */ = {isa = PBXBuildFile; productRef = 6C8C1B4C2CCBC5E100CB1E04 /* NukeExtensions */; };
		6C8C1B4F2CCBC5E100CB1E04 /* NukeUI in Frameworks */ = {isa = PBXBuildFile; productRef = 6C8C1B4E2CCBC5E100CB1E04 /* NukeUI */; };
/* End PBXBuildFile section */

/* Begin PBXFileReference section */
		6C8C1AB72CCBC42300CB1E04 /* SparroBlu.app */ = {isa = PBXFileReference; explicitFileType = wrapper.application; includeInIndex = 0; path = SparroBlu.app; sourceTree = BUILT_PRODUCTS_DIR; };
/* End PBXFileReference section */

/* Begin PBXFileSystemSynchronizedBuildFileExceptionSet section */
		6C8C1B422CCBC56200CB1E04 /* Exceptions for "SparroBlu" folder in "SparroBlu" target */ = {
			isa = PBXFileSystemSynchronizedBuildFileExceptionSet;
			membershipExceptions = (
				System/Info.plist,
			);
			target = 6C8C1AB62CCBC42300CB1E04 /* SparroBlu */;
		};
/* End PBXFileSystemSynchronizedBuildFileExceptionSet section */

/* Begin PBXFileSystemSynchronizedRootGroup section */
		6C8C1AB92CCBC42300CB1E04 /* SparroBlu */ = {
			isa = PBXFileSystemSynchronizedRootGroup;
			exceptions = (
				6C8C1B422CCBC56200CB1E04 /* Exceptions for "SparroBlu" folder in "SparroBlu" target */,
			);
			path = SparroBlu;
			sourceTree = "<group>";
		};
		6C8C1AC92CCBC48100CB1E04 /* Configurations */ = {
			isa = PBXFileSystemSynchronizedRootGroup;
			path = Configurations;
			sourceTree = "<group>";
		};
/* End PBXFileSystemSynchronizedRootGroup section */

/* Begin PBXFrameworksBuildPhase section */
		6C8C1AB42CCBC42300CB1E04 /* Frameworks */ = {
			isa = PBXFrameworksBuildPhase;
			buildActionMask = 2147483647;
			files = (
				6C8C1B4F2CCBC5E100CB1E04 /* NukeUI in Frameworks */,
				6C8C1B4B2CCBC5E100CB1E04 /* Nuke in Frameworks */,
				6C8C1B4D2CCBC5E100CB1E04 /* NukeExtensions in Frameworks */,
				6C8C1B452CCBC5B900CB1E04 /* AtProtocol in Frameworks */,
				6C8C1B482CCBC5C600CB1E04 /* Vault in Frameworks */,
			);
			runOnlyForDeploymentPostprocessing = 0;
		};
/* End PBXFrameworksBuildPhase section */

/* Begin PBXGroup section */
		6C8C1AAE2CCBC42200CB1E04 = {
			isa = PBXGroup;
			children = (
				6C8C1AC92CCBC48100CB1E04 /* Configurations */,
				6C8C1AB92CCBC42300CB1E04 /* SparroBlu */,
				6C8C1AB82CCBC42300CB1E04 /* Products */,
			);
			sourceTree = "<group>";
		};
		6C8C1AB82CCBC42300CB1E04 /* Products */ = {
			isa = PBXGroup;
			children = (
				6C8C1AB72CCBC42300CB1E04 /* SparroBlu.app */,
			);
			name = Products;
			sourceTree = "<group>";
		};
/* End PBXGroup section */

/* Begin PBXNativeTarget section */
		6C8C1AB62CCBC42300CB1E04 /* SparroBlu */ = {
			isa = PBXNativeTarget;
			buildConfigurationList = 6C8C1AC52CCBC42400CB1E04 /* Build configuration list for PBXNativeTarget "SparroBlu" */;
			buildPhases = (
				6C8C1AB32CCBC42300CB1E04 /* Sources */,
				6C8C1AB42CCBC42300CB1E04 /* Frameworks */,
				6C8C1AB52CCBC42300CB1E04 /* Resources */,
			);
			buildRules = (
			);
			dependencies = (
			);
			fileSystemSynchronizedGroups = (
				6C8C1AB92CCBC42300CB1E04 /* SparroBlu */,
				6C8C1AC92CCBC48100CB1E04 /* Configurations */,
			);
			name = SparroBlu;
			packageProductDependencies = (
				6C8C1B442CCBC5B900CB1E04 /* AtProtocol */,
				6C8C1B472CCBC5C600CB1E04 /* Vault */,
				6C8C1B4A2CCBC5E100CB1E04 /* Nuke */,
				6C8C1B4C2CCBC5E100CB1E04 /* NukeExtensions */,
				6C8C1B4E2CCBC5E100CB1E04 /* NukeUI */,
			);
			productName = SparroBlu;
			productReference = 6C8C1AB72CCBC42300CB1E04 /* SparroBlu.app */;
			productType = "com.apple.product-type.application";
		};
/* End PBXNativeTarget section */

/* Begin PBXProject section */
		6C8C1AAF2CCBC42200CB1E04 /* Project object */ = {
			isa = PBXProject;
			attributes = {
				BuildIndependentTargetsInParallel = 1;
				LastSwiftUpdateCheck = 1600;
				LastUpgradeCheck = 1600;
				TargetAttributes = {
					6C8C1AB62CCBC42300CB1E04 = {
						CreatedOnToolsVersion = 16.0;
					};
				};
			};
			buildConfigurationList = 6C8C1AB22CCBC42200CB1E04 /* Build configuration list for PBXProject "SparroBlu" */;
			developmentRegion = en;
			hasScannedForEncodings = 0;
			knownRegions = (
				en,
				Base,
			);
			mainGroup = 6C8C1AAE2CCBC42200CB1E04;
			minimizedProjectReferenceProxies = 1;
			packageReferences = (
				6C8C1B432CCBC5B900CB1E04 /* XCLocalSwiftPackageReference "../Frameworks/AtProtocol" */,
				6C8C1B462CCBC5C600CB1E04 /* XCRemoteSwiftPackageReference "Vault" */,
				6C8C1B492CCBC5E100CB1E04 /* XCRemoteSwiftPackageReference "Nuke" */,
			);
			preferredProjectObjectVersion = 77;
			productRefGroup = 6C8C1AB82CCBC42300CB1E04 /* Products */;
			projectDirPath = "";
			projectRoot = "";
			targets = (
				6C8C1AB62CCBC42300CB1E04 /* SparroBlu */,
			);
		};
/* End PBXProject section */

/* Begin PBXResourcesBuildPhase section */
		6C8C1AB52CCBC42300CB1E04 /* Resources */ = {
			isa = PBXResourcesBuildPhase;
			buildActionMask = 2147483647;
			files = (
			);
			runOnlyForDeploymentPostprocessing = 0;
		};
/* End PBXResourcesBuildPhase section */

/* Begin PBXSourcesBuildPhase section */
		6C8C1AB32CCBC42300CB1E04 /* Sources */ = {
			isa = PBXSourcesBuildPhase;
			buildActionMask = 2147483647;
			files = (
			);
			runOnlyForDeploymentPostprocessing = 0;
		};
/* End PBXSourcesBuildPhase section */

/* Begin XCBuildConfiguration section */
		6C8C1AC32CCBC42400CB1E04 /* Debug */ = {
			isa = XCBuildConfiguration;
			baseConfigurationReferenceAnchor = 6C8C1AC92CCBC48100CB1E04 /* Configurations */;
			baseConfigurationReferenceRelativePath = SparroBlu.xcconfig;
			buildSettings = {
				ALWAYS_SEARCH_USER_PATHS = NO;
				ASSETCATALOG_COMPILER_GENERATE_SWIFT_ASSET_SYMBOL_EXTENSIONS = YES;
				CLANG_ANALYZER_NONNULL = YES;
				CLANG_ANALYZER_NUMBER_OBJECT_CONVERSION = YES_AGGRESSIVE;
				CLANG_CXX_LANGUAGE_STANDARD = "gnu++20";
				CLANG_ENABLE_MODULES = YES;
				CLANG_ENABLE_OBJC_ARC = YES;
				CLANG_ENABLE_OBJC_WEAK = YES;
				CLANG_WARN_BLOCK_CAPTURE_AUTORELEASING = YES;
				CLANG_WARN_BOOL_CONVERSION = YES;
				CLANG_WARN_COMMA = YES;
				CLANG_WARN_CONSTANT_CONVERSION = YES;
				CLANG_WARN_DEPRECATED_OBJC_IMPLEMENTATIONS = YES;
				CLANG_WARN_DIRECT_OBJC_ISA_USAGE = YES_ERROR;
				CLANG_WARN_DOCUMENTATION_COMMENTS = YES;
				CLANG_WARN_EMPTY_BODY = YES;
				CLANG_WARN_ENUM_CONVERSION = YES;
				CLANG_WARN_INFINITE_RECURSION = YES;
				CLANG_WARN_INT_CONVERSION = YES;
				CLANG_WARN_NON_LITERAL_NULL_CONVERSION = YES;
				CLANG_WARN_OBJC_IMPLICIT_RETAIN_SELF = YES;
				CLANG_WARN_OBJC_LITERAL_CONVERSION = YES;
				CLANG_WARN_OBJC_ROOT_CLASS = YES_ERROR;
				CLANG_WARN_QUOTED_INCLUDE_IN_FRAMEWORK_HEADER = YES;
				CLANG_WARN_RANGE_LOOP_ANALYSIS = YES;
				CLANG_WARN_STRICT_PROTOTYPES = YES;
				CLANG_WARN_SUSPICIOUS_MOVE = YES;
				CLANG_WARN_UNGUARDED_AVAILABILITY = YES_AGGRESSIVE;
				CLANG_WARN_UNREACHABLE_CODE = YES;
				CLANG_WARN__DUPLICATE_METHOD_MATCH = YES;
				COPY_PHASE_STRIP = NO;
				DEBUG_INFORMATION_FORMAT = dwarf;
				ENABLE_STRICT_OBJC_MSGSEND = YES;
				ENABLE_TESTABILITY = YES;
				ENABLE_USER_SCRIPT_SANDBOXING = YES;
				GCC_C_LANGUAGE_STANDARD = gnu17;
				GCC_DYNAMIC_NO_PIC = NO;
				GCC_NO_COMMON_BLOCKS = YES;
				GCC_OPTIMIZATION_LEVEL = 0;
				GCC_PREPROCESSOR_DEFINITIONS = (
					"DEBUG=1",
					"$(inherited)",
				);
				GCC_WARN_64_TO_32_BIT_CONVERSION = YES;
				GCC_WARN_ABOUT_RETURN_TYPE = YES_ERROR;
				GCC_WARN_UNDECLARED_SELECTOR = YES;
				GCC_WARN_UNINITIALIZED_AUTOS = YES_AGGRESSIVE;
				GCC_WARN_UNUSED_FUNCTION = YES;
				GCC_WARN_UNUSED_VARIABLE = YES;
				IPHONEOS_DEPLOYMENT_TARGET = 18.0;
				LOCALIZATION_PREFERS_STRING_CATALOGS = YES;
				MTL_ENABLE_DEBUG_INFO = INCLUDE_SOURCE;
				MTL_FAST_MATH = YES;
				ONLY_ACTIVE_ARCH = YES;
				SDKROOT = iphoneos;
				SWIFT_ACTIVE_COMPILATION_CONDITIONS = "DEBUG $(inherited)";
				SWIFT_OPTIMIZATION_LEVEL = "-Onone";
			};
			name = Debug;
		};
		6C8C1AC42CCBC42400CB1E04 /* Release */ = {
			isa = XCBuildConfiguration;
			baseConfigurationReferenceAnchor = 6C8C1AC92CCBC48100CB1E04 /* Configurations */;
			baseConfigurationReferenceRelativePath = SparroBlu.xcconfig;
			buildSettings = {
				ALWAYS_SEARCH_USER_PATHS = NO;
				ASSETCATALOG_COMPILER_GENERATE_SWIFT_ASSET_SYMBOL_EXTENSIONS = YES;
				CLANG_ANALYZER_NONNULL = YES;
				CLANG_ANALYZER_NUMBER_OBJECT_CONVERSION = YES_AGGRESSIVE;
				CLANG_CXX_LANGUAGE_STANDARD = "gnu++20";
				CLANG_ENABLE_MODULES = YES;
				CLANG_ENABLE_OBJC_ARC = YES;
				CLANG_ENABLE_OBJC_WEAK = YES;
				CLANG_WARN_BLOCK_CAPTURE_AUTORELEASING = YES;
				CLANG_WARN_BOOL_CONVERSION = YES;
				CLANG_WARN_COMMA = YES;
				CLANG_WARN_CONSTANT_CONVERSION = YES;
				CLANG_WARN_DEPRECATED_OBJC_IMPLEMENTATIONS = YES;
				CLANG_WARN_DIRECT_OBJC_ISA_USAGE = YES_ERROR;
				CLANG_WARN_DOCUMENTATION_COMMENTS = YES;
				CLANG_WARN_EMPTY_BODY = YES;
				CLANG_WARN_ENUM_CONVERSION = YES;
				CLANG_WARN_INFINITE_RECURSION = YES;
				CLANG_WARN_INT_CONVERSION = YES;
				CLANG_WARN_NON_LITERAL_NULL_CONVERSION = YES;
				CLANG_WARN_OBJC_IMPLICIT_RETAIN_SELF = YES;
				CLANG_WARN_OBJC_LITERAL_CONVERSION = YES;
				CLANG_WARN_OBJC_ROOT_CLASS = YES_ERROR;
				CLANG_WARN_QUOTED_INCLUDE_IN_FRAMEWORK_HEADER = YES;
				CLANG_WARN_RANGE_LOOP_ANALYSIS = YES;
				CLANG_WARN_STRICT_PROTOTYPES = YES;
				CLANG_WARN_SUSPICIOUS_MOVE = YES;
				CLANG_WARN_UNGUARDED_AVAILABILITY = YES_AGGRESSIVE;
				CLANG_WARN_UNREACHABLE_CODE = YES;
				CLANG_WARN__DUPLICATE_METHOD_MATCH = YES;
				COPY_PHASE_STRIP = NO;
				DEBUG_INFORMATION_FORMAT = "dwarf-with-dsym";
				ENABLE_NS_ASSERTIONS = NO;
				ENABLE_STRICT_OBJC_MSGSEND = YES;
				ENABLE_USER_SCRIPT_SANDBOXING = YES;
				GCC_C_LANGUAGE_STANDARD = gnu17;
				GCC_NO_COMMON_BLOCKS = YES;
				GCC_WARN_64_TO_32_BIT_CONVERSION = YES;
				GCC_WARN_ABOUT_RETURN_TYPE = YES_ERROR;
				GCC_WARN_UNDECLARED_SELECTOR = YES;
				GCC_WARN_UNINITIALIZED_AUTOS = YES_AGGRESSIVE;
				GCC_WARN_UNUSED_FUNCTION = YES;
				GCC_WARN_UNUSED_VARIABLE = YES;
				IPHONEOS_DEPLOYMENT_TARGET = 18.0;
				LOCALIZATION_PREFERS_STRING_CATALOGS = YES;
				MTL_ENABLE_DEBUG_INFO = NO;
				MTL_FAST_MATH = YES;
				SDKROOT = iphoneos;
				SWIFT_COMPILATION_MODE = wholemodule;
				VALIDATE_PRODUCT = YES;
			};
			name = Release;
		};
		6C8C1AC62CCBC42400CB1E04 /* Debug */ = {
			isa = XCBuildConfiguration;
			buildSettings = {
				ASSETCATALOG_COMPILER_APPICON_NAME = AppIcon;
				ASSETCATALOG_COMPILER_GLOBAL_ACCENT_COLOR_NAME = AccentColor;
				CODE_SIGN_STYLE = Automatic;
				CURRENT_PROJECT_VERSION = 1;
				DEVELOPMENT_ASSET_PATHS = "\"SparroBlu/Preview Content\"";
				ENABLE_PREVIEWS = YES;
				GENERATE_INFOPLIST_FILE = YES;
				INFOPLIST_FILE = SparroBlu/System/Info.plist;
				INFOPLIST_KEY_UIApplicationSceneManifest_Generation = YES;
				INFOPLIST_KEY_UIApplicationSupportsIndirectInputEvents = YES;
				INFOPLIST_KEY_UILaunchScreen_Generation = YES;
				INFOPLIST_KEY_UISupportedInterfaceOrientations_iPad = "UIInterfaceOrientationPortrait UIInterfaceOrientationPortraitUpsideDown UIInterfaceOrientationLandscapeLeft UIInterfaceOrientationLandscapeRight";
				INFOPLIST_KEY_UISupportedInterfaceOrientations_iPhone = "UIInterfaceOrientationPortrait UIInterfaceOrientationLandscapeLeft UIInterfaceOrientationLandscapeRight";
				LD_RUNPATH_SEARCH_PATHS = (
					"$(inherited)",
					"@executable_path/Frameworks",
				);
				MARKETING_VERSION = 1.0;
				PRODUCT_NAME = "$(TARGET_NAME)";
				SWIFT_EMIT_LOC_STRINGS = YES;
				SWIFT_STRICT_CONCURRENCY = complete;
				SWIFT_VERSION = 6.0;
				TARGETED_DEVICE_FAMILY = "1,2";
			};
			name = Debug;
		};
		6C8C1AC72CCBC42400CB1E04 /* Release */ = {
			isa = XCBuildConfiguration;
			buildSettings = {
				ASSETCATALOG_COMPILER_APPICON_NAME = AppIcon;
				ASSETCATALOG_COMPILER_GLOBAL_ACCENT_COLOR_NAME = AccentColor;
				CODE_SIGN_STYLE = Automatic;
				CURRENT_PROJECT_VERSION = 1;
				DEVELOPMENT_ASSET_PATHS = "\"SparroBlu/Preview Content\"";
				ENABLE_PREVIEWS = YES;
				GENERATE_INFOPLIST_FILE = YES;
				INFOPLIST_FILE = SparroBlu/System/Info.plist;
				INFOPLIST_KEY_UIApplicationSceneManifest_Generation = YES;
				INFOPLIST_KEY_UIApplicationSupportsIndirectInputEvents = YES;
				INFOPLIST_KEY_UILaunchScreen_Generation = YES;
				INFOPLIST_KEY_UISupportedInterfaceOrientations_iPad = "UIInterfaceOrientationPortrait UIInterfaceOrientationPortraitUpsideDown UIInterfaceOrientationLandscapeLeft UIInterfaceOrientationLandscapeRight";
				INFOPLIST_KEY_UISupportedInterfaceOrientations_iPhone = "UIInterfaceOrientationPortrait UIInterfaceOrientationLandscapeLeft UIInterfaceOrientationLandscapeRight";
				LD_RUNPATH_SEARCH_PATHS = (
					"$(inherited)",
					"@executable_path/Frameworks",
				);
				MARKETING_VERSION = 1.0;
				PRODUCT_NAME = "$(TARGET_NAME)";
				SWIFT_EMIT_LOC_STRINGS = YES;
				SWIFT_STRICT_CONCURRENCY = complete;
				SWIFT_VERSION = 6.0;
				TARGETED_DEVICE_FAMILY = "1,2";
			};
			name = Release;
		};
/* End XCBuildConfiguration section */

/* Begin XCConfigurationList section */
		6C8C1AB22CCBC42200CB1E04 /* Build configuration list for PBXProject "SparroBlu" */ = {
			isa = XCConfigurationList;
			buildConfigurations = (
				6C8C1AC32CCBC42400CB1E04 /* Debug */,
				6C8C1AC42CCBC42400CB1E04 /* Release */,
			);
			defaultConfigurationIsVisible = 0;
			defaultConfigurationName = Release;
		};
		6C8C1AC52CCBC42400CB1E04 /* Build configuration list for PBXNativeTarget "SparroBlu" */ = {
			isa = XCConfigurationList;
			buildConfigurations = (
				6C8C1AC62CCBC42400CB1E04 /* Debug */,
				6C8C1AC72CCBC42400CB1E04 /* Release */,
			);
			defaultConfigurationIsVisible = 0;
			defaultConfigurationName = Release;
		};
/* End XCConfigurationList section */

/* Begin XCLocalSwiftPackageReference section */
		6C8C1B432CCBC5B900CB1E04 /* XCLocalSwiftPackageReference "../Frameworks/AtProtocol" */ = {
			isa = XCLocalSwiftPackageReference;
			relativePath = ../Frameworks/AtProtocol;
		};
/* End XCLocalSwiftPackageReference section */

/* Begin XCRemoteSwiftPackageReference section */
		6C8C1B462CCBC5C600CB1E04 /* XCRemoteSwiftPackageReference "Vault" */ = {
			isa = XCRemoteSwiftPackageReference;
			repositoryURL = "https://github.com/SparrowTek/Vault.git";
			requirement = {
				kind = upToNextMajorVersion;
				minimumVersion = 1.2.0;
			};
		};
		6C8C1B492CCBC5E100CB1E04 /* XCRemoteSwiftPackageReference "Nuke" */ = {
			isa = XCRemoteSwiftPackageReference;
			repositoryURL = "https://github.com/kean/Nuke.git";
			requirement = {
				kind = upToNextMajorVersion;
				minimumVersion = 12.8.0;
			};
		};
/* End XCRemoteSwiftPackageReference section */

/* Begin XCSwiftPackageProductDependency section */
		6C8C1B442CCBC5B900CB1E04 /* AtProtocol */ = {
			isa = XCSwiftPackageProductDependency;
			productName = AtProtocol;
		};
		6C8C1B472CCBC5C600CB1E04 /* Vault */ = {
			isa = XCSwiftPackageProductDependency;
			package = 6C8C1B462CCBC5C600CB1E04 /* XCRemoteSwiftPackageReference "Vault" */;
			productName = Vault;
		};
		6C8C1B4A2CCBC5E100CB1E04 /* Nuke */ = {
			isa = XCSwiftPackageProductDependency;
			package = 6C8C1B492CCBC5E100CB1E04 /* XCRemoteSwiftPackageReference "Nuke" */;
			productName = Nuke;
		};
		6C8C1B4C2CCBC5E100CB1E04 /* NukeExtensions */ = {
			isa = XCSwiftPackageProductDependency;
			package = 6C8C1B492CCBC5E100CB1E04 /* XCRemoteSwiftPackageReference "Nuke" */;
			productName = NukeExtensions;
		};
		6C8C1B4E2CCBC5E100CB1E04 /* NukeUI */ = {
			isa = XCSwiftPackageProductDependency;
			package = 6C8C1B492CCBC5E100CB1E04 /* XCRemoteSwiftPackageReference "Nuke" */;
			productName = NukeUI;
		};
/* End XCSwiftPackageProductDependency section */
	};
	rootObject = 6C8C1AAF2CCBC42200CB1E04 /* Project object */;
}
