// !$*UTF8*$!
{
	archiveVersion = 1;
	classes = {
	};
	objectVersion = 71;
	objects = {

/* Begin PBXBuildFile section */
		6C01D6EA2CCB39D600956AA7 /* AtProtocol in Frameworks */ = {isa = PBXBuildFile; productRef = 6C01D6E92CCB39D600956AA7 /* AtProtocol */; };
		6C02915F2AE2B6C300874F53 /* Vault in Frameworks */ = {isa = PBXBuildFile; productRef = 6C02915E2AE2B6C300874F53 /* Vault */; };
		6C6C07892AA23AA300AB9EAD /* Nuke in Frameworks */ = {isa = PBXBuildFile; productRef = 6C6C07882AA23AA300AB9EAD /* Nuke */; };
		6C6C078B2AA23AA300AB9EAD /* NukeExtensions in Frameworks */ = {isa = PBXBuildFile; productRef = 6C6C078A2AA23AA300AB9EAD /* NukeExtensions */; };
		6C6C078D2AA23AA300AB9EAD /* NukeUI in Frameworks */ = {isa = PBXBuildFile; productRef = 6C6C078C2AA23AA300AB9EAD /* NukeUI */; };
		6C6C078F2AA23AA300AB9EAD /* NukeVideo in Frameworks */ = {isa = PBXBuildFile; productRef = 6C6C078E2AA23AA300AB9EAD /* NukeVideo */; };
		6C9284172CC54FD800CCF772 /* AtProtocol in Frameworks */ = {isa = PBXBuildFile; productRef = 6C9284162CC54FD800CCF772 /* AtProtocol */; };
		6CFE6F722AE333E70020E320 /* AtProtocol in Frameworks */ = {isa = PBXBuildFile; productRef = 6CFE6F712AE333E70020E320 /* AtProtocol */; };
/* End PBXBuildFile section */

/* Begin PBXFileReference section */
		6C9282972CC49EF300CCF772 /* atprosphere.app */ = {isa = PBXFileReference; explicitFileType = wrapper.application; includeInIndex = 0; path = atprosphere.app; sourceTree = BUILT_PRODUCTS_DIR; };
/* End PBXFileReference section */

/* Begin PBXFileSystemSynchronizedBuildFileExceptionSet section */
		6C9283122CC49EF300CCF772 /* PBXFileSystemSynchronizedBuildFileExceptionSet */ = {
			isa = PBXFileSystemSynchronizedBuildFileExceptionSet;
			membershipExceptions = (
				System/Info.plist,
			);
			target = 6C7BF36D2A9BCFED0082BCEA /* atprosphere */;
		};
/* End PBXFileSystemSynchronizedBuildFileExceptionSet section */

/* Begin PBXFileSystemSynchronizedRootGroup section */
		6C9282962CC479DF00CCF772 /* Configurations */ = {isa = PBXFileSystemSynchronizedRootGroup; explicitFileTypes = {}; explicitFolders = (); path = Configurations; sourceTree = "<group>"; };
		6C9282DE2CC49EF300CCF772 /* atprosphere */ = {isa = PBXFileSystemSynchronizedRootGroup; exceptions = (6C9283122CC49EF300CCF772 /* PBXFileSystemSynchronizedBuildFileExceptionSet */, ); explicitFileTypes = {}; explicitFolders = (); path = atprosphere; sourceTree = "<group>"; };
/* End PBXFileSystemSynchronizedRootGroup section */

/* Begin PBXFrameworksBuildPhase section */
		6C7BF36B2A9BCFED0082BCEA /* Frameworks */ = {
			isa = PBXFrameworksBuildPhase;
			buildActionMask = 2147483647;
			files = (
				6C9284172CC54FD800CCF772 /* AtProtocol in Frameworks */,
				6C01D6EA2CCB39D600956AA7 /* AtProtocol in Frameworks */,
				6C6C07892AA23AA300AB9EAD /* Nuke in Frameworks */,
				6CFE6F722AE333E70020E320 /* AtProtocol in Frameworks */,
				6C6C078F2AA23AA300AB9EAD /* NukeVideo in Frameworks */,
				6C6C078B2AA23AA300AB9EAD /* NukeExtensions in Frameworks */,
				6C02915F2AE2B6C300874F53 /* Vault in Frameworks */,
				6C6C078D2AA23AA300AB9EAD /* NukeUI in Frameworks */,
			);
			runOnlyForDeploymentPostprocessing = 0;
		};
/* End PBXFrameworksBuildPhase section */

/* Begin PBXGroup section */
		6C7BF3652A9BCFED0082BCEA = {
			isa = PBXGroup;
			children = (
				6C9282962CC479DF00CCF772 /* Configurations */,
				6C9282DE2CC49EF300CCF772 /* atprosphere */,
				6C9282972CC49EF300CCF772 /* atprosphere.app */,
			);
			sourceTree = "<group>";
		};
/* End PBXGroup section */

/* Begin PBXNativeTarget section */
		6C7BF36D2A9BCFED0082BCEA /* atprosphere */ = {
			isa = PBXNativeTarget;
			buildConfigurationList = 6C7BF37C2A9BCFEE0082BCEA /* Build configuration list for PBXNativeTarget "atprosphere" */;
			buildPhases = (
				6C7BF36A2A9BCFED0082BCEA /* Sources */,
				6C7BF36B2A9BCFED0082BCEA /* Frameworks */,
				6C7BF36C2A9BCFED0082BCEA /* Resources */,
			);
			buildRules = (
			);
			dependencies = (
			);
			fileSystemSynchronizedGroups = (
				6C9282DE2CC49EF300CCF772 /* atprosphere */,
			);
			name = atprosphere;
			packageProductDependencies = (
				6C6C07882AA23AA300AB9EAD /* Nuke */,
				6C6C078A2AA23AA300AB9EAD /* NukeExtensions */,
				6C6C078C2AA23AA300AB9EAD /* NukeUI */,
				6C6C078E2AA23AA300AB9EAD /* NukeVideo */,
				6C02915E2AE2B6C300874F53 /* Vault */,
				6CFE6F712AE333E70020E320 /* AtProtocol */,
				6C9284162CC54FD800CCF772 /* AtProtocol */,
				6C01D6E92CCB39D600956AA7 /* AtProtocol */,
			);
			productName = atprosphere;
			productReference = 6C9282972CC49EF300CCF772 /* atprosphere.app */;
			productType = "com.apple.product-type.application";
		};
/* End PBXNativeTarget section */

/* Begin PBXProject section */
		6C7BF3662A9BCFED0082BCEA /* Project object */ = {
			isa = PBXProject;
			attributes = {
				BuildIndependentTargetsInParallel = 1;
				LastSwiftUpdateCheck = 1500;
				LastUpgradeCheck = 1500;
				TargetAttributes = {
					6C7BF36D2A9BCFED0082BCEA = {
						CreatedOnToolsVersion = 15.0;
					};
				};
			};
			buildConfigurationList = 6C7BF3692A9BCFED0082BCEA /* Build configuration list for PBXProject "atprosphere" */;
			compatibilityVersion = "Xcode 14.0";
			developmentRegion = en;
			hasScannedForEncodings = 0;
			knownRegions = (
				en,
				Base,
			);
			mainGroup = 6C7BF3652A9BCFED0082BCEA;
			packageReferences = (
				6C6C07872AA23AA300AB9EAD /* XCRemoteSwiftPackageReference "Nuke" */,
				6C02915D2AE2B6C300874F53 /* XCRemoteSwiftPackageReference "Vault" */,
				6C01D6E82CCB39D600956AA7 /* XCLocalSwiftPackageReference "../Frameworks/AtProtocol" */,
			);
			productRefGroup = 6C7BF3652A9BCFED0082BCEA;
			projectDirPath = "";
			projectRoot = "";
			targets = (
				6C7BF36D2A9BCFED0082BCEA /* atprosphere */,
			);
		};
/* End PBXProject section */

/* Begin PBXResourcesBuildPhase section */
		6C7BF36C2A9BCFED0082BCEA /* Resources */ = {
			isa = PBXResourcesBuildPhase;
			buildActionMask = 2147483647;
			files = (
			);
			runOnlyForDeploymentPostprocessing = 0;
		};
/* End PBXResourcesBuildPhase section */

/* Begin PBXSourcesBuildPhase section */
		6C7BF36A2A9BCFED0082BCEA /* Sources */ = {
			isa = PBXSourcesBuildPhase;
			buildActionMask = 2147483647;
			files = (
			);
			runOnlyForDeploymentPostprocessing = 0;
		};
/* End PBXSourcesBuildPhase section */

/* Begin XCBuildConfiguration section */
		6C7BF37A2A9BCFEE0082BCEA /* Debug */ = {
			isa = XCBuildConfiguration;
			baseConfigurationReferenceAnchor = 6C9282962CC479DF00CCF772 /* Configurations */;
			baseConfigurationReferenceRelativePath = Atprosphere.xcconfig;
			buildSettings = {
				ALWAYS_SEARCH_USER_PATHS = NO;
				ASSETCATALOG_COMPILER_GENERATE_SWIFT_ASSET_SYMBOL_EXTENSIONS = YES;
				CLANG_ANALYZER_NONNULL = YES;
				CLANG_ANALYZER_NUMBER_OBJECT_CONVERSION = YES_AGGRESSIVE;
				CLANG_CXX_LANGUAGE_STANDARD = "gnu++20";
				CLANG_ENABLE_MODULES = YES;
				CLANG_ENABLE_OBJC_ARC = YES;
				CLANG_ENABLE_OBJC_WEAK = YES;
				CLANG_WARN_BLOCK_CAPTURE_AUTORELEASING = YES;
				CLANG_WARN_BOOL_CONVERSION = YES;
				CLANG_WARN_COMMA = YES;
				CLANG_WARN_CONSTANT_CONVERSION = YES;
				CLANG_WARN_DEPRECATED_OBJC_IMPLEMENTATIONS = YES;
				CLANG_WARN_DIRECT_OBJC_ISA_USAGE = YES_ERROR;
				CLANG_WARN_DOCUMENTATION_COMMENTS = YES;
				CLANG_WARN_EMPTY_BODY = YES;
				CLANG_WARN_ENUM_CONVERSION = YES;
				CLANG_WARN_INFINITE_RECURSION = YES;
				CLANG_WARN_INT_CONVERSION = YES;
				CLANG_WARN_NON_LITERAL_NULL_CONVERSION = YES;
				CLANG_WARN_OBJC_IMPLICIT_RETAIN_SELF = YES;
				CLANG_WARN_OBJC_LITERAL_CONVERSION = YES;
				CLANG_WARN_OBJC_ROOT_CLASS = YES_ERROR;
				CLANG_WARN_QUOTED_INCLUDE_IN_FRAMEWORK_HEADER = YES;
				CLANG_WARN_RANGE_LOOP_ANALYSIS = YES;
				CLANG_WARN_STRICT_PROTOTYPES = YES;
				CLANG_WARN_SUSPICIOUS_MOVE = YES;
				CLANG_WARN_UNGUARDED_AVAILABILITY = YES_AGGRESSIVE;
				CLANG_WARN_UNREACHABLE_CODE = YES;
				CLANG_WARN__DUPLICATE_METHOD_MATCH = YES;
				COPY_PHASE_STRIP = NO;
				DEBUG_INFORMATION_FORMAT = dwarf;
				ENABLE_STRICT_OBJC_MSGSEND = YES;
				ENABLE_TESTABILITY = YES;
				ENABLE_USER_SCRIPT_SANDBOXING = YES;
				GCC_C_LANGUAGE_STANDARD = gnu17;
				GCC_DYNAMIC_NO_PIC = NO;
				GCC_NO_COMMON_BLOCKS = YES;
				GCC_OPTIMIZATION_LEVEL = 0;
				GCC_PREPROCESSOR_DEFINITIONS = (
					"DEBUG=1",
					"$(inherited)",
				);
				GCC_WARN_64_TO_32_BIT_CONVERSION = YES;
				GCC_WARN_ABOUT_RETURN_TYPE = YES_ERROR;
				GCC_WARN_UNDECLARED_SELECTOR = YES;
				GCC_WARN_UNINITIALIZED_AUTOS = YES_AGGRESSIVE;
				GCC_WARN_UNUSED_FUNCTION = YES;
				GCC_WARN_UNUSED_VARIABLE = YES;
				IPHONEOS_DEPLOYMENT_TARGET = 17.0;
				LOCALIZATION_PREFERS_STRING_CATALOGS = YES;
				MTL_ENABLE_DEBUG_INFO = INCLUDE_SOURCE;
				MTL_FAST_MATH = YES;
				ONLY_ACTIVE_ARCH = YES;
				SDKROOT = iphoneos;
				SWIFT_ACTIVE_COMPILATION_CONDITIONS = "DEBUG $(inherited)";
				SWIFT_OPTIMIZATION_LEVEL = "-Onone";
			};
			name = Debug;
		};
		6C7BF37B2A9BCFEE0082BCEA /* Release */ = {
			isa = XCBuildConfiguration;
			baseConfigurationReferenceAnchor = 6C9282962CC479DF00CCF772 /* Configurations */;
			baseConfigurationReferenceRelativePath = Atprosphere.xcconfig;
			buildSettings = {
				ALWAYS_SEARCH_USER_PATHS = NO;
				ASSETCATALOG_COMPILER_GENERATE_SWIFT_ASSET_SYMBOL_EXTENSIONS = YES;
				CLANG_ANALYZER_NONNULL = YES;
				CLANG_ANALYZER_NUMBER_OBJECT_CONVERSION = YES_AGGRESSIVE;
				CLANG_CXX_LANGUAGE_STANDARD = "gnu++20";
				CLANG_ENABLE_MODULES = YES;
				CLANG_ENABLE_OBJC_ARC = YES;
				CLANG_ENABLE_OBJC_WEAK = YES;
				CLANG_WARN_BLOCK_CAPTURE_AUTORELEASING = YES;
				CLANG_WARN_BOOL_CONVERSION = YES;
				CLANG_WARN_COMMA = YES;
				CLANG_WARN_CONSTANT_CONVERSION = YES;
				CLANG_WARN_DEPRECATED_OBJC_IMPLEMENTATIONS = YES;
				CLANG_WARN_DIRECT_OBJC_ISA_USAGE = YES_ERROR;
				CLANG_WARN_DOCUMENTATION_COMMENTS = YES;
				CLANG_WARN_EMPTY_BODY = YES;
				CLANG_WARN_ENUM_CONVERSION = YES;
				CLANG_WARN_INFINITE_RECURSION = YES;
				CLANG_WARN_INT_CONVERSION = YES;
				CLANG_WARN_NON_LITERAL_NULL_CONVERSION = YES;
				CLANG_WARN_OBJC_IMPLICIT_RETAIN_SELF = YES;
				CLANG_WARN_OBJC_LITERAL_CONVERSION = YES;
				CLANG_WARN_OBJC_ROOT_CLASS = YES_ERROR;
				CLANG_WARN_QUOTED_INCLUDE_IN_FRAMEWORK_HEADER = YES;
				CLANG_WARN_RANGE_LOOP_ANALYSIS = YES;
				CLANG_WARN_STRICT_PROTOTYPES = YES;
				CLANG_WARN_SUSPICIOUS_MOVE = YES;
				CLANG_WARN_UNGUARDED_AVAILABILITY = YES_AGGRESSIVE;
				CLANG_WARN_UNREACHABLE_CODE = YES;
				CLANG_WARN__DUPLICATE_METHOD_MATCH = YES;
				COPY_PHASE_STRIP = NO;
				DEBUG_INFORMATION_FORMAT = "dwarf-with-dsym";
				ENABLE_NS_ASSERTIONS = NO;
				ENABLE_STRICT_OBJC_MSGSEND = YES;
				ENABLE_USER_SCRIPT_SANDBOXING = YES;
				GCC_C_LANGUAGE_STANDARD = gnu17;
				GCC_NO_COMMON_BLOCKS = YES;
				GCC_WARN_64_TO_32_BIT_CONVERSION = YES;
				GCC_WARN_ABOUT_RETURN_TYPE = YES_ERROR;
				GCC_WARN_UNDECLARED_SELECTOR = YES;
				GCC_WARN_UNINITIALIZED_AUTOS = YES_AGGRESSIVE;
				GCC_WARN_UNUSED_FUNCTION = YES;
				GCC_WARN_UNUSED_VARIABLE = YES;
				IPHONEOS_DEPLOYMENT_TARGET = 17.0;
				LOCALIZATION_PREFERS_STRING_CATALOGS = YES;
				MTL_ENABLE_DEBUG_INFO = NO;
				MTL_FAST_MATH = YES;
				SDKROOT = iphoneos;
				SWIFT_COMPILATION_MODE = wholemodule;
				VALIDATE_PRODUCT = YES;
			};
			name = Release;
		};
		6C7BF37D2A9BCFEE0082BCEA /* Debug */ = {
			isa = XCBuildConfiguration;
			buildSettings = {
				ASSETCATALOG_COMPILER_APPICON_NAME = AppIcon;
				ASSETCATALOG_COMPILER_GLOBAL_ACCENT_COLOR_NAME = AccentColor;
				CODE_SIGN_STYLE = Automatic;
				CURRENT_PROJECT_VERSION = 1;
				DEVELOPMENT_ASSET_PATHS = "\"atprosphere/Preview Content\"";
				ENABLE_PREVIEWS = YES;
				GENERATE_INFOPLIST_FILE = YES;
				INFOPLIST_FILE = atprosphere/System/Info.plist;
				INFOPLIST_KEY_UIApplicationSceneManifest_Generation = YES;
				INFOPLIST_KEY_UIApplicationSupportsIndirectInputEvents = YES;
				INFOPLIST_KEY_UILaunchScreen_Generation = YES;
				INFOPLIST_KEY_UISupportedInterfaceOrientations = UIInterfaceOrientationPortrait;
				INFOPLIST_KEY_UISupportedInterfaceOrientations_iPad = "UIInterfaceOrientationLandscapeLeft UIInterfaceOrientationLandscapeRight UIInterfaceOrientationPortrait UIInterfaceOrientationPortraitUpsideDown";
				IPHONEOS_DEPLOYMENT_TARGET = 18.0;
				LD_RUNPATH_SEARCH_PATHS = (
					"$(inherited)",
					"@executable_path/Frameworks",
				);
				MARKETING_VERSION = 1.0;
				PRODUCT_NAME = "$(TARGET_NAME)";
				SUPPORTED_PLATFORMS = "iphoneos iphonesimulator";
				SUPPORTS_MACCATALYST = NO;
				SUPPORTS_MAC_DESIGNED_FOR_IPHONE_IPAD = NO;
				SUPPORTS_XR_DESIGNED_FOR_IPHONE_IPAD = NO;
				SWIFT_EMIT_LOC_STRINGS = YES;
				SWIFT_STRICT_CONCURRENCY = complete;
				SWIFT_VERSION = 6.0;
				TARGETED_DEVICE_FAMILY = 1;
			};
			name = Debug;
		};
		6C7BF37E2A9BCFEE0082BCEA /* Release */ = {
			isa = XCBuildConfiguration;
			buildSettings = {
				ASSETCATALOG_COMPILER_APPICON_NAME = AppIcon;
				ASSETCATALOG_COMPILER_GLOBAL_ACCENT_COLOR_NAME = AccentColor;
				CODE_SIGN_STYLE = Automatic;
				CURRENT_PROJECT_VERSION = 1;
				DEVELOPMENT_ASSET_PATHS = "\"atprosphere/Preview Content\"";
				ENABLE_PREVIEWS = YES;
				GENERATE_INFOPLIST_FILE = YES;
				INFOPLIST_FILE = atprosphere/System/Info.plist;
				INFOPLIST_KEY_UIApplicationSceneManifest_Generation = YES;
				INFOPLIST_KEY_UIApplicationSupportsIndirectInputEvents = YES;
				INFOPLIST_KEY_UILaunchScreen_Generation = YES;
				INFOPLIST_KEY_UISupportedInterfaceOrientations = UIInterfaceOrientationPortrait;
				INFOPLIST_KEY_UISupportedInterfaceOrientations_iPad = "UIInterfaceOrientationLandscapeLeft UIInterfaceOrientationLandscapeRight UIInterfaceOrientationPortrait UIInterfaceOrientationPortraitUpsideDown";
				IPHONEOS_DEPLOYMENT_TARGET = 18.0;
				LD_RUNPATH_SEARCH_PATHS = (
					"$(inherited)",
					"@executable_path/Frameworks",
				);
				MARKETING_VERSION = 1.0;
				PRODUCT_NAME = "$(TARGET_NAME)";
				SUPPORTED_PLATFORMS = "iphoneos iphonesimulator";
				SUPPORTS_MACCATALYST = NO;
				SUPPORTS_MAC_DESIGNED_FOR_IPHONE_IPAD = NO;
				SUPPORTS_XR_DESIGNED_FOR_IPHONE_IPAD = NO;
				SWIFT_EMIT_LOC_STRINGS = YES;
				SWIFT_STRICT_CONCURRENCY = complete;
				SWIFT_VERSION = 6.0;
				TARGETED_DEVICE_FAMILY = 1;
			};
			name = Release;
		};
/* End XCBuildConfiguration section */

/* Begin XCConfigurationList section */
		6C7BF3692A9BCFED0082BCEA /* Build configuration list for PBXProject "atprosphere" */ = {
			isa = XCConfigurationList;
			buildConfigurations = (
				6C7BF37A2A9BCFEE0082BCEA /* Debug */,
				6C7BF37B2A9BCFEE0082BCEA /* Release */,
			);
			defaultConfigurationIsVisible = 0;
			defaultConfigurationName = Release;
		};
		6C7BF37C2A9BCFEE0082BCEA /* Build configuration list for PBXNativeTarget "atprosphere" */ = {
			isa = XCConfigurationList;
			buildConfigurations = (
				6C7BF37D2A9BCFEE0082BCEA /* Debug */,
				6C7BF37E2A9BCFEE0082BCEA /* Release */,
			);
			defaultConfigurationIsVisible = 0;
			defaultConfigurationName = Release;
		};
/* End XCConfigurationList section */

/* Begin XCLocalSwiftPackageReference section */
		6C01D6E82CCB39D600956AA7 /* XCLocalSwiftPackageReference "../Frameworks/AtProtocol" */ = {
			isa = XCLocalSwiftPackageReference;
			relativePath = ../Frameworks/AtProtocol;
		};
/* End XCLocalSwiftPackageReference section */

/* Begin XCRemoteSwiftPackageReference section */
		6C02915D2AE2B6C300874F53 /* XCRemoteSwiftPackageReference "Vault" */ = {
			isa = XCRemoteSwiftPackageReference;
			repositoryURL = "https://github.com/SparrowTek/Vault.git";
			requirement = {
				kind = upToNextMajorVersion;
				minimumVersion = 1.1.1;
			};
		};
		6C6C07872AA23AA300AB9EAD /* XCRemoteSwiftPackageReference "Nuke" */ = {
			isa = XCRemoteSwiftPackageReference;
			repositoryURL = "https://github.com/kean/Nuke.git";
			requirement = {
				kind = upToNextMajorVersion;
				minimumVersion = 12.1.6;
			};
		};
/* End XCRemoteSwiftPackageReference section */

/* Begin XCSwiftPackageProductDependency section */
		6C01D6E92CCB39D600956AA7 /* AtProtocol */ = {
			isa = XCSwiftPackageProductDependency;
			productName = AtProtocol;
		};
		6C02915E2AE2B6C300874F53 /* Vault */ = {
			isa = XCSwiftPackageProductDependency;
			package = 6C02915D2AE2B6C300874F53 /* XCRemoteSwiftPackageReference "Vault" */;
			productName = Vault;
		};
		6C6C07882AA23AA300AB9EAD /* Nuke */ = {
			isa = XCSwiftPackageProductDependency;
			package = 6C6C07872AA23AA300AB9EAD /* XCRemoteSwiftPackageReference "Nuke" */;
			productName = Nuke;
		};
		6C6C078A2AA23AA300AB9EAD /* NukeExtensions */ = {
			isa = XCSwiftPackageProductDependency;
			package = 6C6C07872AA23AA300AB9EAD /* XCRemoteSwiftPackageReference "Nuke" */;
			productName = NukeExtensions;
		};
		6C6C078C2AA23AA300AB9EAD /* NukeUI */ = {
			isa = XCSwiftPackageProductDependency;
			package = 6C6C07872AA23AA300AB9EAD /* XCRemoteSwiftPackageReference "Nuke" */;
			productName = NukeUI;
		};
		6C6C078E2AA23AA300AB9EAD /* NukeVideo */ = {
			isa = XCSwiftPackageProductDependency;
			package = 6C6C07872AA23AA300AB9EAD /* XCRemoteSwiftPackageReference "Nuke" */;
			productName = NukeVideo;
		};
		6C9284162CC54FD800CCF772 /* AtProtocol */ = {
			isa = XCSwiftPackageProductDependency;
			productName = AtProtocol;
		};
		6CFE6F712AE333E70020E320 /* AtProtocol */ = {
			isa = XCSwiftPackageProductDependency;
			productName = AtProtocol;
		};
/* End XCSwiftPackageProductDependency section */
	};
	rootObject = 6C7BF3662A9BCFED0082BCEA /* Project object */;
}
